
Microsoft Visual Studio Solution File, Format Version 12.00
# Visual Studio 15
Project("{FAE04EC0-301F-11D3-BF4B-00C04F79EFBC}") = "Facebook.Messenger.Api", "Facebook.Messenger.Api\Facebook.Messenger.Api.csproj", "{DC678C05-33C1-4173-AEC1-D71DAA15A5CD}"
EndProject
Global
	GlobalSection(SolutionConfigurationPlatforms) = preSolution
		Debug|Any CPU = Debug|Any CPU
		Release|Any CPU = Release|Any CPU
	EndGlobalSection
	GlobalSection(ProjectConfigurationPlatforms) = postSolution
		{DC678C05-33C1-4173-AEC1-D71DAA15A5CD}.Debug|Any CPU.ActiveCfg = Debug|Any CPU
		{DC678C05-33C1-4173-AEC1-D71DAA15A5CD}.Debug|Any CPU.Build.0 = Debug|Any CPU
		{DC678C05-33C1-4173-AEC1-D71DAA15A5CD}.Release|Any CPU.ActiveCfg = Release|Any CPU
		{DC678C05-33C1-4173-AEC1-D71DAA15A5CD}.Release|Any CPU.Build.0 = Release|Any CPU
	EndGlobalSection
EndGlobal
